
Microsoft Visual Studio Solution File, Format Version 12.00
# Visual Studio 15
VisualStudioVersion = 15.0.28010.2016
MinimumVisualStudioVersion = 10.0.40219.1
Project("{FAE04EC0-301F-11D3-BF4B-00C04F79EFBC}") = "Quizzer.Domain", "Quizzer.Domain\Quizzer.Domain.csproj", "{E03A9DAD-A38C-49A9-A187-AB392946B656}"
EndProject
Project("{FAE04EC0-301F-11D3-BF4B-00C04F79EFBC}") = "Quizzer.Infrastructure", "Quizzer.Infrastructure\Quizzer.Infrastructure.csproj", "{3CF9A1B7-EB8F-4B86-8500-B94AA35E604F}"
EndProject
Project("{FAE04EC0-301F-11D3-BF4B-00C04F79EFBC}") = "Quizzer.Web", "Quizzer.Web\Quizzer.Web.csproj", "{9FC5F0DF-A473-4275-9A50-92BC9791EE24}"
EndProject
Global
	GlobalSection(SolutionConfigurationPlatforms) = preSolution
		Debug|Any CPU = Debug|Any CPU
		Release|Any CPU = Release|Any CPU
	EndGlobalSection
	GlobalSection(ProjectConfigurationPlatforms) = postSolution
		{E03A9DAD-A38C-49A9-A187-AB392946B656}.Debug|Any CPU.ActiveCfg = Debug|Any CPU
		{E03A9DAD-A38C-49A9-A187-AB392946B656}.Debug|Any CPU.Build.0 = Debug|Any CPU
		{E03A9DAD-A38C-49A9-A187-AB392946B656}.Release|Any CPU.ActiveCfg = Release|Any CPU
		{E03A9DAD-A38C-49A9-A187-AB392946B656}.Release|Any CPU.Build.0 = Release|Any CPU
		{3CF9A1B7-EB8F-4B86-8500-B94AA35E604F}.Debug|Any CPU.ActiveCfg = Debug|Any CPU
		{3CF9A1B7-EB8F-4B86-8500-B94AA35E604F}.Debug|Any CPU.Build.0 = Debug|Any CPU
		{3CF9A1B7-EB8F-4B86-8500-B94AA35E604F}.Release|Any CPU.ActiveCfg = Release|Any CPU
		{3CF9A1B7-EB8F-4B86-8500-B94AA35E604F}.Release|Any CPU.Build.0 = Release|Any CPU
		{9FC5F0DF-A473-4275-9A50-92BC9791EE24}.Debug|Any CPU.ActiveCfg = Debug|Any CPU
		{9FC5F0DF-A473-4275-9A50-92BC9791EE24}.Debug|Any CPU.Build.0 = Debug|Any CPU
		{9FC5F0DF-A473-4275-9A50-92BC9791EE24}.Release|Any CPU.ActiveCfg = Release|Any CPU
		{9FC5F0DF-A473-4275-9A50-92BC9791EE24}.Release|Any CPU.Build.0 = Release|Any CPU
	EndGlobalSection
	GlobalSection(SolutionProperties) = preSolution
		HideSolutionNode = FALSE
	EndGlobalSection
	GlobalSection(ExtensibilityGlobals) = postSolution
		SolutionGuid = {607B412F-97D2-458D-AA42-57D870B13749}
	EndGlobalSection
EndGlobal
